
Microsoft Visual Studio Solution File, Format Version 12.00
# Visual Studio Version 17
VisualStudioVersion = 17.5.002.0
MinimumVisualStudioVersion = 10.0.40219.1
Project("{9A19103F-16F7-4668-BE54-9A1E7A4F7556}") = "Counting Sort", "Counting Sort.csproj", "{3374AA68-7A3F-4623-B663-A3235B215241}"
EndProject
Global
	GlobalSection(SolutionConfigurationPlatforms) = preSolution
		Debug|Any CPU = Debug|Any CPU
		Release|Any CPU = Release|Any CPU
	EndGlobalSection
	GlobalSection(ProjectConfigurationPlatforms) = postSolution
		{3374AA68-7A3F-4623-B663-A3235B215241}.Debug|Any CPU.ActiveCfg = Debug|Any CPU
		{3374AA68-7A3F-4623-B663-A3235B215241}.Debug|Any CPU.Build.0 = Debug|Any CPU
		{3374AA68-7A3F-4623-B663-A3235B215241}.Release|Any CPU.ActiveCfg = Release|Any CPU
		{3374AA68-7A3F-4623-B663-A3235B215241}.Release|Any CPU.Build.0 = Release|Any CPU
	EndGlobalSection
	GlobalSection(SolutionProperties) = preSolution
		HideSolutionNode = FALSE
	EndGlobalSection
	GlobalSection(ExtensibilityGlobals) = postSolution
		SolutionGuid = {6FC77E8B-2E3D-4CD4-A532-D8B4DFCD4669}
	EndGlobalSection
EndGlobal
