
Microsoft Visual Studio Solution File, Format Version 12.00
# Visual Studio Version 17
VisualStudioVersion = 17.5.002.0
MinimumVisualStudioVersion = 10.0.40219.1
Project("{9A19103F-16F7-4668-BE54-9A1E7A4F7556}") = "Dual Pivot Quicksort", "Dual Pivot Quicksort.csproj", "{6F1A07CC-3A0D-4A14-ABFB-F5CD98D3C496}"
EndProject
Global
	GlobalSection(SolutionConfigurationPlatforms) = preSolution
		Debug|Any CPU = Debug|Any CPU
		Release|Any CPU = Release|Any CPU
	EndGlobalSection
	GlobalSection(ProjectConfigurationPlatforms) = postSolution
		{6F1A07CC-3A0D-4A14-ABFB-F5CD98D3C496}.Debug|Any CPU.ActiveCfg = Debug|Any CPU
		{6F1A07CC-3A0D-4A14-ABFB-F5CD98D3C496}.Debug|Any CPU.Build.0 = Debug|Any CPU
		{6F1A07CC-3A0D-4A14-ABFB-F5CD98D3C496}.Release|Any CPU.ActiveCfg = Release|Any CPU
		{6F1A07CC-3A0D-4A14-ABFB-F5CD98D3C496}.Release|Any CPU.Build.0 = Release|Any CPU
	EndGlobalSection
	GlobalSection(SolutionProperties) = preSolution
		HideSolutionNode = FALSE
	EndGlobalSection
	GlobalSection(ExtensibilityGlobals) = postSolution
		SolutionGuid = {D0D6680D-8B65-43CC-8A3B-210A4C75AB9A}
	EndGlobalSection
EndGlobal
